
Microsoft Visual Studio Solution File, Format Version 12.00
# Visual Studio Version 17
VisualStudioVersion = 17.8.34309.116
MinimumVisualStudioVersion = 10.0.40219.1
Project("{FAE04EC0-301F-11D3-BF4B-00C04F79EFBC}") = "DBD-HexedProxy", "DBD-HexedProxy\DBD-HexedProxy.csproj", "{FE553D07-9036-4AE4-97D5-976658968E01}"
EndProject
Global
	GlobalSection(SolutionConfigurationPlatforms) = preSolution
		Debug|Any CPU = Debug|Any CPU
		Release|Any CPU = Release|Any CPU
	EndGlobalSection
	GlobalSection(ProjectConfigurationPlatforms) = postSolution
		{FE553D07-9036-4AE4-97D5-976658968E01}.Debug|Any CPU.ActiveCfg = Debug|Any CPU
		{FE553D07-9036-4AE4-97D5-976658968E01}.Debug|Any CPU.Build.0 = Debug|Any CPU
		{FE553D07-9036-4AE4-97D5-976658968E01}.Release|Any CPU.ActiveCfg = Release|Any CPU
		{FE553D07-9036-4AE4-97D5-976658968E01}.Release|Any CPU.Build.0 = Release|Any CPU
	EndGlobalSection
	GlobalSection(SolutionProperties) = preSolution
		HideSolutionNode = FALSE
	EndGlobalSection
	GlobalSection(ExtensibilityGlobals) = postSolution
		SolutionGuid = {5A6A150F-E0F3-48BC-AB17-1A5A4F9679C6}
	EndGlobalSection
EndGlobal
